
Microsoft Visual Studio Solution File, Format Version 12.00
# Visual Studio Version 17
VisualStudioVersion = 17.13.35806.99 d17.13
MinimumVisualStudioVersion = 10.0.40219.1
Project("{FAE04EC0-301F-11D3-BF4B-00C04F79EFBC}") = "BackgroundTaskNET8", "BackgroundTaskNET8\BackgroundTaskNET8.csproj", "{0348C6C7-9913-4EE0-A9C1-A9F1F948F696}"
EndProject
Project("{FAE04EC0-301F-11D3-BF4B-00C04F79EFBC}") = "BackgroundTask", "BackgroundTask\BackgroundTask.csproj", "{782DDE27-18D3-4D35-BB47-0A534E80E769}"
EndProject
Global
	GlobalSection(SolutionConfigurationPlatforms) = preSolution
		Debug|Any CPU = Debug|Any CPU
		Release|Any CPU = Release|Any CPU
	EndGlobalSection
	GlobalSection(ProjectConfigurationPlatforms) = postSolution
		{0348C6C7-9913-4EE0-A9C1-A9F1F948F696}.Debug|Any CPU.ActiveCfg = Debug|Any CPU
		{0348C6C7-9913-4EE0-A9C1-A9F1F948F696}.Debug|Any CPU.Build.0 = Debug|Any CPU
		{0348C6C7-9913-4EE0-A9C1-A9F1F948F696}.Debug|Any CPU.Deploy.0 = Debug|Any CPU
		{0348C6C7-9913-4EE0-A9C1-A9F1F948F696}.Release|Any CPU.ActiveCfg = Release|Any CPU
		{0348C6C7-9913-4EE0-A9C1-A9F1F948F696}.Release|Any CPU.Build.0 = Release|Any CPU
		{0348C6C7-9913-4EE0-A9C1-A9F1F948F696}.Release|Any CPU.Deploy.0 = Release|Any CPU
		{782DDE27-18D3-4D35-BB47-0A534E80E769}.Debug|Any CPU.ActiveCfg = Debug|Any CPU
		{782DDE27-18D3-4D35-BB47-0A534E80E769}.Debug|Any CPU.Build.0 = Debug|Any CPU
		{782DDE27-18D3-4D35-BB47-0A534E80E769}.Release|Any CPU.ActiveCfg = Release|Any CPU
		{782DDE27-18D3-4D35-BB47-0A534E80E769}.Release|Any CPU.Build.0 = Release|Any CPU
	EndGlobalSection
	GlobalSection(SolutionProperties) = preSolution
		HideSolutionNode = FALSE
	EndGlobalSection
	GlobalSection(ExtensibilityGlobals) = postSolution
		SolutionGuid = {4CC992DA-17B2-4EA6-AA5D-1435A9FE0A3C}
	EndGlobalSection
EndGlobal
